{
  "name": "holiday",
  "version": "0.1.0",
  "lockfileVersion": 1,
  "requires": true,
  "dependencies": {
    "japanese-holidays": {
      "version": "1.0.6",
      "resolved": "https://registry.npmjs.org/japanese-holidays/-/japanese-holidays-1.0.6.tgz",
      "integrity": "sha1-J8HCWwRDoz6vx4CjioDQ7Pn/Rbw="
    },
    "moment": {
      "version": "2.20.0",
      "resolved": "https://registry.npmjs.org/moment/-/moment-2.20.0.tgz",
      "integrity": "sha512-r7aEpLB/mhMUiC5ksahDajF/Jr3wS/qLzUnwOJCZyKWF34ibdvW8saujBKfR7aQlov//JgFA38HXOoIt7lXzcA=="
    }
  }
}
