Microsoft Visual Studio Solution File, Format Version 12.00
# Visual Studio Version 17
VisualStudioVersion = 17.5.2.0
MinimumVisualStudioVersion = 10.0.40219.1
Project("{FAE04EC0-301F-11D3-BF4B-00C04F79EFBC}") = "IpCheck", "IpCheck.csproj", "{B7E37F2C-6EB8-58C5-4D00-1EA3CE4ED7AA}"
EndProject
Global
	GlobalSection(SolutionConfigurationPlatforms) = preSolution
		Debug|Any CPU = Debug|Any CPU
		Release|Any CPU = Release|Any CPU
	EndGlobalSection
	GlobalSection(ProjectConfigurationPlatforms) = postSolution
		{B7E37F2C-6EB8-58C5-4D00-1EA3CE4ED7AA}.Debug|Any CPU.ActiveCfg = Debug|Any CPU
		{B7E37F2C-6EB8-58C5-4D00-1EA3CE4ED7AA}.Debug|Any CPU.Build.0 = Debug|Any CPU
		{B7E37F2C-6EB8-58C5-4D00-1EA3CE4ED7AA}.Release|Any CPU.ActiveCfg = Release|Any CPU
		{B7E37F2C-6EB8-58C5-4D00-1EA3CE4ED7AA}.Release|Any CPU.Build.0 = Release|Any CPU
	EndGlobalSection
	GlobalSection(SolutionProperties) = preSolution
		HideSolutionNode = FALSE
	EndGlobalSection
	GlobalSection(ExtensibilityGlobals) = postSolution
		SolutionGuid = {7CFDAB11-96EA-4F8C-B60B-752CCEDA78F8}
	EndGlobalSection
EndGlobal
