// !$*UTF8*$!
{
	archiveVersion = 1;
	classes = {
	};
	objectVersion = 46;
	objects = {

/* Begin PBXBuildFile section */
		305BA0021F766C1500AE1EBA /* AppDelegate.swift in Sources */ = {isa = PBXBuildFile; fileRef = 305BA0011F766C1500AE1EBA /* AppDelegate.swift */; };
		305BA0041F766C1500AE1EBA /* ViewController.swift in Sources */ = {isa = PBXBuildFile; fileRef = 305BA0031F766C1500AE1EBA /* ViewController.swift */; };
		305BA0071F766C1500AE1EBA /* Main.storyboard in Resources */ = {isa = PBXBuildFile; fileRef = 305BA0051F766C1500AE1EBA /* Main.storyboard */; };
		305BA0091F766C1500AE1EBA /* Assets.xcassets in Resources */ = {isa = PBXBuildFile; fileRef = 305BA0081F766C1500AE1EBA /* Assets.xcassets */; };
		305BA00C1F766C1500AE1EBA /* LaunchScreen.storyboard in Resources */ = {isa = PBXBuildFile; fileRef = 305BA00A1F766C1500AE1EBA /* LaunchScreen.storyboard */; };
/* End PBXBuildFile section */

/* Begin PBXFileReference section */
		305B9FFE1F766C1500AE1EBA /* Keisan.app */ = {isa = PBXFileReference; explicitFileType = wrapper.application; includeInIndex = 0; path = Keisan.app; sourceTree = BUILT_PRODUCTS_DIR; };
		305BA0011F766C1500AE1EBA /* AppDelegate.swift */ = {isa = PBXFileReference; lastKnownFileType = sourcecode.swift; path = AppDelegate.swift; sourceTree = "<group>"; };
		305BA0031F766C1500AE1EBA /* ViewController.swift */ = {isa = PBXFileReference; lastKnownFileType = sourcecode.swift; path = ViewController.swift; sourceTree = "<group>"; };
		305BA0061F766C1500AE1EBA /* Base */ = {isa = PBXFileReference; lastKnownFileType = file.storyboard; name = Base; path = Base.lproj/Main.storyboard; sourceTree = "<group>"; };
		305BA0081F766C1500AE1EBA /* Assets.xcassets */ = {isa = PBXFileReference; lastKnownFileType = folder.assetcatalog; path = Assets.xcassets; sourceTree = "<group>"; };
		305BA00B1F766C1500AE1EBA /* Base */ = {isa = PBXFileReference; lastKnownFileType = file.storyboard; name = Base; path = Base.lproj/LaunchScreen.storyboard; sourceTree = "<group>"; };
		305BA00D1F766C1500AE1EBA /* Info.plist */ = {isa = PBXFileReference; lastKnownFileType = text.plist.xml; path = Info.plist; sourceTree = "<group>"; };
/* End PBXFileReference section */

/* Begin PBXFrameworksBuildPhase section */
		305B9FFB1F766C1400AE1EBA /* Frameworks */ = {
			isa = PBXFrameworksBuildPhase;
			buildActionMask = 2147483647;
			files = (
			);
			runOnlyForDeploymentPostprocessing = 0;
		};
/* End PBXFrameworksBuildPhase section */

/* Begin PBXGroup section */
		305B9FF51F766C1400AE1EBA = {
			isa = PBXGroup;
			children = (
				305BA0001F766C1500AE1EBA /* Keisan */,
				305B9FFF1F766C1500AE1EBA /* Products */,
			);
			sourceTree = "<group>";
		};
		305B9FFF1F766C1500AE1EBA /* Products */ = {
			isa = PBXGroup;
			children = (
				305B9FFE1F766C1500AE1EBA /* Keisan.app */,
			);
			name = Products;
			sourceTree = "<group>";
		};
		305BA0001F766C1500AE1EBA /* Keisan */ = {
			isa = PBXGroup;
			children = (
				305BA0011F766C1500AE1EBA /* AppDelegate.swift */,
				305BA0031F766C1500AE1EBA /* ViewController.swift */,
				305BA0051F766C1500AE1EBA /* Main.storyboard */,
				305BA0081F766C1500AE1EBA /* Assets.xcassets */,
				305BA00A1F766C1500AE1EBA /* LaunchScreen.storyboard */,
				305BA00D1F766C1500AE1EBA /* Info.plist */,
			);
			path = Keisan;
			sourceTree = "<group>";
		};
/* End PBXGroup section */

/* Begin PBXNativeTarget section */
		305B9FFD1F766C1400AE1EBA /* Keisan */ = {
			isa = PBXNativeTarget;
			buildConfigurationList = 305BA0101F766C1500AE1EBA /* Build configuration list for PBXNativeTarget "Keisan" */;
			buildPhases = (
				305B9FFA1F766C1400AE1EBA /* Sources */,
				305B9FFB1F766C1400AE1EBA /* Frameworks */,
				305B9FFC1F766C1400AE1EBA /* Resources */,
			);
			buildRules = (
			);
			dependencies = (
			);
			name = Keisan;
			productName = Keisan;
			productReference = 305B9FFE1F766C1500AE1EBA /* Keisan.app */;
			productType = "com.apple.product-type.application";
		};
/* End PBXNativeTarget section */

/* Begin PBXProject section */
		305B9FF61F766C1400AE1EBA /* Project object */ = {
			isa = PBXProject;
			attributes = {
				LastSwiftUpdateCheck = 0820;
				LastUpgradeCheck = 0820;
				ORGANIZATIONNAME = 70_10;
				TargetAttributes = {
					305B9FFD1F766C1400AE1EBA = {
						CreatedOnToolsVersion = 8.2.1;
						ProvisioningStyle = Automatic;
					};
				};
			};
			buildConfigurationList = 305B9FF91F766C1400AE1EBA /* Build configuration list for PBXProject "Keisan" */;
			compatibilityVersion = "Xcode 3.2";
			developmentRegion = English;
			hasScannedForEncodings = 0;
			knownRegions = (
				en,
				Base,
			);
			mainGroup = 305B9FF51F766C1400AE1EBA;
			productRefGroup = 305B9FFF1F766C1500AE1EBA /* Products */;
			projectDirPath = "";
			projectRoot = "";
			targets = (
				305B9FFD1F766C1400AE1EBA /* Keisan */,
			);
		};
/* End PBXProject section */

/* Begin PBXResourcesBuildPhase section */
		305B9FFC1F766C1400AE1EBA /* Resources */ = {
			isa = PBXResourcesBuildPhase;
			buildActionMask = 2147483647;
			files = (
				305BA00C1F766C1500AE1EBA /* LaunchScreen.storyboard in Resources */,
				305BA0091F766C1500AE1EBA /* Assets.xcassets in Resources */,
				305BA0071F766C1500AE1EBA /* Main.storyboard in Resources */,
			);
			runOnlyForDeploymentPostprocessing = 0;
		};
/* End PBXResourcesBuildPhase section */

/* Begin PBXSourcesBuildPhase section */
		305B9FFA1F766C1400AE1EBA /* Sources */ = {
			isa = PBXSourcesBuildPhase;
			buildActionMask = 2147483647;
			files = (
				305BA0041F766C1500AE1EBA /* ViewController.swift in Sources */,
				305BA0021F766C1500AE1EBA /* AppDelegate.swift in Sources */,
			);
			runOnlyForDeploymentPostprocessing = 0;
		};
/* End PBXSourcesBuildPhase section */

/* Begin PBXVariantGroup section */
		305BA0051F766C1500AE1EBA /* Main.storyboard */ = {
			isa = PBXVariantGroup;
			children = (
				305BA0061F766C1500AE1EBA /* Base */,
			);
			name = Main.storyboard;
			sourceTree = "<group>";
		};
		305BA00A1F766C1500AE1EBA /* LaunchScreen.storyboard */ = {
			isa = PBXVariantGroup;
			children = (
				305BA00B1F766C1500AE1EBA /* Base */,
			);
			name = LaunchScreen.storyboard;
			sourceTree = "<group>";
		};
/* End PBXVariantGroup section */

/* Begin XCBuildConfiguration section */
		305BA00E1F766C1500AE1EBA /* Debug */ = {
			isa = XCBuildConfiguration;
			buildSettings = {
				ALWAYS_SEARCH_USER_PATHS = NO;
				CLANG_ANALYZER_NONNULL = YES;
				CLANG_CXX_LANGUAGE_STANDARD = "gnu++0x";
				CLANG_CXX_LIBRARY = "libc++";
				CLANG_ENABLE_MODULES = YES;
				CLANG_ENABLE_OBJC_ARC = YES;
				CLANG_WARN_BOOL_CONVERSION = YES;
				CLANG_WARN_CONSTANT_CONVERSION = YES;
				CLANG_WARN_DIRECT_OBJC_ISA_USAGE = YES_ERROR;
				CLANG_WARN_DOCUMENTATION_COMMENTS = YES;
				CLANG_WARN_EMPTY_BODY = YES;
				CLANG_WARN_ENUM_CONVERSION = YES;
				CLANG_WARN_INFINITE_RECURSION = YES;
				CLANG_WARN_INT_CONVERSION = YES;
				CLANG_WARN_OBJC_ROOT_CLASS = YES_ERROR;
				CLANG_WARN_SUSPICIOUS_MOVE = YES;
				CLANG_WARN_UNREACHABLE_CODE = YES;
				CLANG_WARN__DUPLICATE_METHOD_MATCH = YES;
				"CODE_SIGN_IDENTITY[sdk=iphoneos*]" = "iPhone Developer";
				COPY_PHASE_STRIP = NO;
				DEBUG_INFORMATION_FORMAT = dwarf;
				ENABLE_STRICT_OBJC_MSGSEND = YES;
				ENABLE_TESTABILITY = YES;
				GCC_C_LANGUAGE_STANDARD = gnu99;
				GCC_DYNAMIC_NO_PIC = NO;
				GCC_NO_COMMON_BLOCKS = YES;
				GCC_OPTIMIZATION_LEVEL = 0;
				GCC_PREPROCESSOR_DEFINITIONS = (
					"DEBUG=1",
					"$(inherited)",
				);
				GCC_WARN_64_TO_32_BIT_CONVERSION = YES;
				GCC_WARN_ABOUT_RETURN_TYPE = YES_ERROR;
				GCC_WARN_UNDECLARED_SELECTOR = YES;
				GCC_WARN_UNINITIALIZED_AUTOS = YES_AGGRESSIVE;
				GCC_WARN_UNUSED_FUNCTION = YES;
				GCC_WARN_UNUSED_VARIABLE = YES;
				IPHONEOS_DEPLOYMENT_TARGET = 10.2;
				MTL_ENABLE_DEBUG_INFO = YES;
				ONLY_ACTIVE_ARCH = YES;
				SDKROOT = iphoneos;
				SWIFT_ACTIVE_COMPILATION_CONDITIONS = DEBUG;
				SWIFT_OPTIMIZATION_LEVEL = "-Onone";
			};
			name = Debug;
		};
		305BA00F1F766C1500AE1EBA /* Release */ = {
			isa = XCBuildConfiguration;
			buildSettings = {
				ALWAYS_SEARCH_USER_PATHS = NO;
				CLANG_ANALYZER_NONNULL = YES;
				CLANG_CXX_LANGUAGE_STANDARD = "gnu++0x";
				CLANG_CXX_LIBRARY = "libc++";
				CLANG_ENABLE_MODULES = YES;
				CLANG_ENABLE_OBJC_ARC = YES;
				CLANG_WARN_BOOL_CONVERSION = YES;
				CLANG_WARN_CONSTANT_CONVERSION = YES;
				CLANG_WARN_DIRECT_OBJC_ISA_USAGE = YES_ERROR;
				CLANG_WARN_DOCUMENTATION_COMMENTS = YES;
				CLANG_WARN_EMPTY_BODY = YES;
				CLANG_WARN_ENUM_CONVERSION = YES;
				CLANG_WARN_INFINITE_RECURSION = YES;
				CLANG_WARN_INT_CONVERSION = YES;
				CLANG_WARN_OBJC_ROOT_CLASS = YES_ERROR;
				CLANG_WARN_SUSPICIOUS_MOVE = YES;
				CLANG_WARN_UNREACHABLE_CODE = YES;
				CLANG_WARN__DUPLICATE_METHOD_MATCH = YES;
				"CODE_SIGN_IDENTITY[sdk=iphoneos*]" = "iPhone Developer";
				COPY_PHASE_STRIP = NO;
				DEBUG_INFORMATION_FORMAT = "dwarf-with-dsym";
				ENABLE_NS_ASSERTIONS = NO;
				ENABLE_STRICT_OBJC_MSGSEND = YES;
				GCC_C_LANGUAGE_STANDARD = gnu99;
				GCC_NO_COMMON_BLOCKS = YES;
				GCC_WARN_64_TO_32_BIT_CONVERSION = YES;
				GCC_WARN_ABOUT_RETURN_TYPE = YES_ERROR;
				GCC_WARN_UNDECLARED_SELECTOR = YES;
				GCC_WARN_UNINITIALIZED_AUTOS = YES_AGGRESSIVE;
				GCC_WARN_UNUSED_FUNCTION = YES;
				GCC_WARN_UNUSED_VARIABLE = YES;
				IPHONEOS_DEPLOYMENT_TARGET = 10.2;
				MTL_ENABLE_DEBUG_INFO = NO;
				SDKROOT = iphoneos;
				SWIFT_OPTIMIZATION_LEVEL = "-Owholemodule";
				VALIDATE_PRODUCT = YES;
			};
			name = Release;
		};
		305BA0111F766C1500AE1EBA /* Debug */ = {
			isa = XCBuildConfiguration;
			buildSettings = {
				ASSETCATALOG_COMPILER_APPICON_NAME = AppIcon;
				INFOPLIST_FILE = Keisan/Info.plist;
				LD_RUNPATH_SEARCH_PATHS = "$(inherited) @executable_path/Frameworks";
				PRODUCT_BUNDLE_IDENTIFIER = "net.70-10.Keisan";
				PRODUCT_NAME = "$(TARGET_NAME)";
				SWIFT_VERSION = 3.0;
			};
			name = Debug;
		};
		305BA0121F766C1500AE1EBA /* Release */ = {
			isa = XCBuildConfiguration;
			buildSettings = {
				ASSETCATALOG_COMPILER_APPICON_NAME = AppIcon;
				INFOPLIST_FILE = Keisan/Info.plist;
				LD_RUNPATH_SEARCH_PATHS = "$(inherited) @executable_path/Frameworks";
				PRODUCT_BUNDLE_IDENTIFIER = "net.70-10.Keisan";
				PRODUCT_NAME = "$(TARGET_NAME)";
				SWIFT_VERSION = 3.0;
			};
			name = Release;
		};
/* End XCBuildConfiguration section */

/* Begin XCConfigurationList section */
		305B9FF91F766C1400AE1EBA /* Build configuration list for PBXProject "Keisan" */ = {
			isa = XCConfigurationList;
			buildConfigurations = (
				305BA00E1F766C1500AE1EBA /* Debug */,
				305BA00F1F766C1500AE1EBA /* Release */,
			);
			defaultConfigurationIsVisible = 0;
			defaultConfigurationName = Release;
		};
		305BA0101F766C1500AE1EBA /* Build configuration list for PBXNativeTarget "Keisan" */ = {
			isa = XCConfigurationList;
			buildConfigurations = (
				305BA0111F766C1500AE1EBA /* Debug */,
				305BA0121F766C1500AE1EBA /* Release */,
			);
			defaultConfigurationIsVisible = 0;
		};
/* End XCConfigurationList section */
	};
	rootObject = 305B9FF61F766C1400AE1EBA /* Project object */;
}
