
Microsoft Visual Studio Solution File, Format Version 12.00
# Visual Studio 15
Project("{FAE04EC0-301F-11D3-BF4B-00C04F79EFBC}") = "FunctionsSample", "FunctionsSample.csproj", "{D1193719-C985-4E72-B332-4EFD30EAEA30}"
EndProject
Global
	GlobalSection(SolutionConfigurationPlatforms) = preSolution
		Debug|Any CPU = Debug|Any CPU
		Release|Any CPU = Release|Any CPU
	EndGlobalSection
	GlobalSection(ProjectConfigurationPlatforms) = postSolution
		{D1193719-C985-4E72-B332-4EFD30EAEA30}.Debug|Any CPU.ActiveCfg = Debug|Any CPU
		{D1193719-C985-4E72-B332-4EFD30EAEA30}.Debug|Any CPU.Build.0 = Debug|Any CPU
		{D1193719-C985-4E72-B332-4EFD30EAEA30}.Release|Any CPU.ActiveCfg = Release|Any CPU
		{D1193719-C985-4E72-B332-4EFD30EAEA30}.Release|Any CPU.Build.0 = Release|Any CPU
	EndGlobalSection
EndGlobal
