
Microsoft Visual Studio Solution File, Format Version 12.00
# Visual Studio 15
VisualStudioVersion = 15.0.26124.0
MinimumVisualStudioVersion = 15.0.26124.0
Project("{FAE04EC0-301F-11D3-BF4B-00C04F79EFBC}") = "Practice", "Practice\Practice.csproj", "{D19AD5AB-9229-41ED-ABD5-5D0E2EEA5953}"
EndProject
Project("{FAE04EC0-301F-11D3-BF4B-00C04F79EFBC}") = "Practice.Test", "Practice.Test\Practice.Test.csproj", "{F14F72A4-FF9F-4170-AE37-09F128C117BE}"
EndProject
Global
	GlobalSection(SolutionConfigurationPlatforms) = preSolution
		Debug|Any CPU = Debug|Any CPU
		Debug|x64 = Debug|x64
		Debug|x86 = Debug|x86
		Release|Any CPU = Release|Any CPU
		Release|x64 = Release|x64
		Release|x86 = Release|x86
	EndGlobalSection
	GlobalSection(SolutionProperties) = preSolution
		HideSolutionNode = FALSE
	EndGlobalSection
	GlobalSection(ProjectConfigurationPlatforms) = postSolution
		{D19AD5AB-9229-41ED-ABD5-5D0E2EEA5953}.Debug|Any CPU.ActiveCfg = Debug|Any CPU
		{D19AD5AB-9229-41ED-ABD5-5D0E2EEA5953}.Debug|Any CPU.Build.0 = Debug|Any CPU
		{D19AD5AB-9229-41ED-ABD5-5D0E2EEA5953}.Debug|x64.ActiveCfg = Debug|Any CPU
		{D19AD5AB-9229-41ED-ABD5-5D0E2EEA5953}.Debug|x64.Build.0 = Debug|Any CPU
		{D19AD5AB-9229-41ED-ABD5-5D0E2EEA5953}.Debug|x86.ActiveCfg = Debug|Any CPU
		{D19AD5AB-9229-41ED-ABD5-5D0E2EEA5953}.Debug|x86.Build.0 = Debug|Any CPU
		{D19AD5AB-9229-41ED-ABD5-5D0E2EEA5953}.Release|Any CPU.ActiveCfg = Release|Any CPU
		{D19AD5AB-9229-41ED-ABD5-5D0E2EEA5953}.Release|Any CPU.Build.0 = Release|Any CPU
		{D19AD5AB-9229-41ED-ABD5-5D0E2EEA5953}.Release|x64.ActiveCfg = Release|Any CPU
		{D19AD5AB-9229-41ED-ABD5-5D0E2EEA5953}.Release|x64.Build.0 = Release|Any CPU
		{D19AD5AB-9229-41ED-ABD5-5D0E2EEA5953}.Release|x86.ActiveCfg = Release|Any CPU
		{D19AD5AB-9229-41ED-ABD5-5D0E2EEA5953}.Release|x86.Build.0 = Release|Any CPU
		{F14F72A4-FF9F-4170-AE37-09F128C117BE}.Debug|Any CPU.ActiveCfg = Debug|Any CPU
		{F14F72A4-FF9F-4170-AE37-09F128C117BE}.Debug|Any CPU.Build.0 = Debug|Any CPU
		{F14F72A4-FF9F-4170-AE37-09F128C117BE}.Debug|x64.ActiveCfg = Debug|Any CPU
		{F14F72A4-FF9F-4170-AE37-09F128C117BE}.Debug|x64.Build.0 = Debug|Any CPU
		{F14F72A4-FF9F-4170-AE37-09F128C117BE}.Debug|x86.ActiveCfg = Debug|Any CPU
		{F14F72A4-FF9F-4170-AE37-09F128C117BE}.Debug|x86.Build.0 = Debug|Any CPU
		{F14F72A4-FF9F-4170-AE37-09F128C117BE}.Release|Any CPU.ActiveCfg = Release|Any CPU
		{F14F72A4-FF9F-4170-AE37-09F128C117BE}.Release|Any CPU.Build.0 = Release|Any CPU
		{F14F72A4-FF9F-4170-AE37-09F128C117BE}.Release|x64.ActiveCfg = Release|Any CPU
		{F14F72A4-FF9F-4170-AE37-09F128C117BE}.Release|x64.Build.0 = Release|Any CPU
		{F14F72A4-FF9F-4170-AE37-09F128C117BE}.Release|x86.ActiveCfg = Release|Any CPU
		{F14F72A4-FF9F-4170-AE37-09F128C117BE}.Release|x86.Build.0 = Release|Any CPU
	EndGlobalSection
EndGlobal
