{
  "name": "queue-practice",
  "version": "0.1.0",
  "lockfileVersion": 1,
  "requires": true,
  "dependencies": {
    "p-queue": {
      "version": "2.2.0",
      "resolved": "https://registry.npmjs.org/p-queue/-/p-queue-2.2.0.tgz",
      "integrity": "sha512-91EJ9kZK3/LzOP38ZD56jo5JfF7ISX4NuCYQGZZkZcE4lHwUxmwSjbQ609HwDVUXAWYo+5x4jQDBnePmiwKBzg=="
    }
  }
}
