{
  "name": "prompts-pra",
  "version": "0.1.0",
  "lockfileVersion": 1,
  "requires": true,
  "dependencies": {
    "clorox": {
      "version": "1.0.2",
      "resolved": "https://registry.npmjs.org/clorox/-/clorox-1.0.2.tgz",
      "integrity": "sha512-w/EdAhblli+0C0OtLZV7nmRaGfqjWBUffC3iYDX19c/z54TUrtZ1Lu6i/IZiw8Cs5xLPTD6W+hGDzjt9uY5n6Q=="
    },
    "prompts": {
      "version": "0.1.4",
      "resolved": "https://registry.npmjs.org/prompts/-/prompts-0.1.4.tgz",
      "integrity": "sha512-+1EqQSfG43l4Ab16vu5vB8wH4F7BjGHvk8rroX6Eiah6euOo2XXlA2ZG7/qnHhnBwF4o8jYrPj+jFcOYNV0Ckg==",
      "requires": {
        "clorox": "1.0.2",
        "sisteransi": "0.1.0"
      }
    },
    "sisteransi": {
      "version": "0.1.0",
      "resolved": "https://registry.npmjs.org/sisteransi/-/sisteransi-0.1.0.tgz",
      "integrity": "sha512-kHXcIr0Z9FM6d7pwFDDIMQKGndIEtIF1oBSMXWtItpx4mrH1jhANVNT35GVekBekXl6J+5i7lJMIGq3Gm7pIdA=="
    }
  }
}
