{
  "name": "crypto-hash-sample",
  "version": "0.1.0",
  "lockfileVersion": 1,
  "requires": true,
  "dependencies": {
    "crypto-hash": {
      "version": "0.1.0",
      "resolved": "https://registry.npmjs.org/crypto-hash/-/crypto-hash-0.1.0.tgz",
      "integrity": "sha512-Ja2zFqujqKLsr5G+g3BeyTY9whJmbtdGFkgXjTOqUj9BWhdYGuQyi5F0EqPVh5/Dqit5oEMUTl6gmMbhn1j5pQ=="
    }
  }
}
