Microsoft Visual Studio Solution File, Format Version 12.00
# Visual Studio Version 17
VisualStudioVersion = 17.5.2.0
MinimumVisualStudioVersion = 10.0.40219.1
Project("{FAE04EC0-301F-11D3-BF4B-00C04F79EFBC}") = "DomainToIp", "DomainToIp.csproj", "{863541C9-0A3A-F63B-5AE6-CE91E145DD2C}"
EndProject
Global
	GlobalSection(SolutionConfigurationPlatforms) = preSolution
		Debug|Any CPU = Debug|Any CPU
		Release|Any CPU = Release|Any CPU
	EndGlobalSection
	GlobalSection(ProjectConfigurationPlatforms) = postSolution
		{863541C9-0A3A-F63B-5AE6-CE91E145DD2C}.Debug|Any CPU.ActiveCfg = Debug|Any CPU
		{863541C9-0A3A-F63B-5AE6-CE91E145DD2C}.Debug|Any CPU.Build.0 = Debug|Any CPU
		{863541C9-0A3A-F63B-5AE6-CE91E145DD2C}.Release|Any CPU.ActiveCfg = Release|Any CPU
		{863541C9-0A3A-F63B-5AE6-CE91E145DD2C}.Release|Any CPU.Build.0 = Release|Any CPU
	EndGlobalSection
	GlobalSection(SolutionProperties) = preSolution
		HideSolutionNode = FALSE
	EndGlobalSection
	GlobalSection(ExtensibilityGlobals) = postSolution
		SolutionGuid = {794E8A74-A5BF-450A-AD5D-556544F9C6D6}
	EndGlobalSection
EndGlobal
