// !$*UTF8*$!
{
	archiveVersion = 1;
	classes = {
	};
	objectVersion = 46;
	objects = {

/* Begin PBXBuildFile section */
		3091D0191F79571700762474 /* AppDelegate.swift in Sources */ = {isa = PBXBuildFile; fileRef = 3091D0181F79571700762474 /* AppDelegate.swift */; };
		3091D01B1F79571700762474 /* ViewController.swift in Sources */ = {isa = PBXBuildFile; fileRef = 3091D01A1F79571700762474 /* ViewController.swift */; };
		3091D01E1F79571700762474 /* Main.storyboard in Resources */ = {isa = PBXBuildFile; fileRef = 3091D01C1F79571700762474 /* Main.storyboard */; };
		3091D0201F79571700762474 /* Assets.xcassets in Resources */ = {isa = PBXBuildFile; fileRef = 3091D01F1F79571700762474 /* Assets.xcassets */; };
		3091D0231F79571700762474 /* LaunchScreen.storyboard in Resources */ = {isa = PBXBuildFile; fileRef = 3091D0211F79571700762474 /* LaunchScreen.storyboard */; };
		3091D02C1F79573000762474 /* minus.png in Resources */ = {isa = PBXBuildFile; fileRef = 3091D02A1F79573000762474 /* minus.png */; };
		3091D02D1F79573000762474 /* plus.png in Resources */ = {isa = PBXBuildFile; fileRef = 3091D02B1F79573000762474 /* plus.png */; };
/* End PBXBuildFile section */

/* Begin PBXFileReference section */
		3091D0151F79571700762474 /* SwiftCounter.app */ = {isa = PBXFileReference; explicitFileType = wrapper.application; includeInIndex = 0; path = SwiftCounter.app; sourceTree = BUILT_PRODUCTS_DIR; };
		3091D0181F79571700762474 /* AppDelegate.swift */ = {isa = PBXFileReference; lastKnownFileType = sourcecode.swift; path = AppDelegate.swift; sourceTree = "<group>"; };
		3091D01A1F79571700762474 /* ViewController.swift */ = {isa = PBXFileReference; lastKnownFileType = sourcecode.swift; path = ViewController.swift; sourceTree = "<group>"; };
		3091D01D1F79571700762474 /* Base */ = {isa = PBXFileReference; lastKnownFileType = file.storyboard; name = Base; path = Base.lproj/Main.storyboard; sourceTree = "<group>"; };
		3091D01F1F79571700762474 /* Assets.xcassets */ = {isa = PBXFileReference; lastKnownFileType = folder.assetcatalog; path = Assets.xcassets; sourceTree = "<group>"; };
		3091D0221F79571700762474 /* Base */ = {isa = PBXFileReference; lastKnownFileType = file.storyboard; name = Base; path = Base.lproj/LaunchScreen.storyboard; sourceTree = "<group>"; };
		3091D0241F79571700762474 /* Info.plist */ = {isa = PBXFileReference; lastKnownFileType = text.plist.xml; path = Info.plist; sourceTree = "<group>"; };
		3091D02A1F79573000762474 /* minus.png */ = {isa = PBXFileReference; lastKnownFileType = image.png; path = minus.png; sourceTree = "<group>"; };
		3091D02B1F79573000762474 /* plus.png */ = {isa = PBXFileReference; lastKnownFileType = image.png; path = plus.png; sourceTree = "<group>"; };
/* End PBXFileReference section */

/* Begin PBXFrameworksBuildPhase section */
		3091D0121F79571600762474 /* Frameworks */ = {
			isa = PBXFrameworksBuildPhase;
			buildActionMask = 2147483647;
			files = (
			);
			runOnlyForDeploymentPostprocessing = 0;
		};
/* End PBXFrameworksBuildPhase section */

/* Begin PBXGroup section */
		3091D00C1F79571600762474 = {
			isa = PBXGroup;
			children = (
				3091D0171F79571700762474 /* SwiftCounter */,
				3091D0161F79571700762474 /* Products */,
			);
			sourceTree = "<group>";
		};
		3091D0161F79571700762474 /* Products */ = {
			isa = PBXGroup;
			children = (
				3091D0151F79571700762474 /* SwiftCounter.app */,
			);
			name = Products;
			sourceTree = "<group>";
		};
		3091D0171F79571700762474 /* SwiftCounter */ = {
			isa = PBXGroup;
			children = (
				3091D02A1F79573000762474 /* minus.png */,
				3091D02B1F79573000762474 /* plus.png */,
				3091D0181F79571700762474 /* AppDelegate.swift */,
				3091D01A1F79571700762474 /* ViewController.swift */,
				3091D01C1F79571700762474 /* Main.storyboard */,
				3091D01F1F79571700762474 /* Assets.xcassets */,
				3091D0211F79571700762474 /* LaunchScreen.storyboard */,
				3091D0241F79571700762474 /* Info.plist */,
			);
			path = SwiftCounter;
			sourceTree = "<group>";
		};
/* End PBXGroup section */

/* Begin PBXNativeTarget section */
		3091D0141F79571600762474 /* SwiftCounter */ = {
			isa = PBXNativeTarget;
			buildConfigurationList = 3091D0271F79571700762474 /* Build configuration list for PBXNativeTarget "SwiftCounter" */;
			buildPhases = (
				3091D0111F79571600762474 /* Sources */,
				3091D0121F79571600762474 /* Frameworks */,
				3091D0131F79571600762474 /* Resources */,
			);
			buildRules = (
			);
			dependencies = (
			);
			name = SwiftCounter;
			productName = SwiftCounter;
			productReference = 3091D0151F79571700762474 /* SwiftCounter.app */;
			productType = "com.apple.product-type.application";
		};
/* End PBXNativeTarget section */

/* Begin PBXProject section */
		3091D00D1F79571600762474 /* Project object */ = {
			isa = PBXProject;
			attributes = {
				LastSwiftUpdateCheck = 0820;
				LastUpgradeCheck = 0820;
				ORGANIZATIONNAME = 70_10;
				TargetAttributes = {
					3091D0141F79571600762474 = {
						CreatedOnToolsVersion = 8.2.1;
						ProvisioningStyle = Automatic;
					};
				};
			};
			buildConfigurationList = 3091D0101F79571600762474 /* Build configuration list for PBXProject "SwiftCounter" */;
			compatibilityVersion = "Xcode 3.2";
			developmentRegion = English;
			hasScannedForEncodings = 0;
			knownRegions = (
				en,
				Base,
			);
			mainGroup = 3091D00C1F79571600762474;
			productRefGroup = 3091D0161F79571700762474 /* Products */;
			projectDirPath = "";
			projectRoot = "";
			targets = (
				3091D0141F79571600762474 /* SwiftCounter */,
			);
		};
/* End PBXProject section */

/* Begin PBXResourcesBuildPhase section */
		3091D0131F79571600762474 /* Resources */ = {
			isa = PBXResourcesBuildPhase;
			buildActionMask = 2147483647;
			files = (
				3091D02C1F79573000762474 /* minus.png in Resources */,
				3091D02D1F79573000762474 /* plus.png in Resources */,
				3091D0231F79571700762474 /* LaunchScreen.storyboard in Resources */,
				3091D0201F79571700762474 /* Assets.xcassets in Resources */,
				3091D01E1F79571700762474 /* Main.storyboard in Resources */,
			);
			runOnlyForDeploymentPostprocessing = 0;
		};
/* End PBXResourcesBuildPhase section */

/* Begin PBXSourcesBuildPhase section */
		3091D0111F79571600762474 /* Sources */ = {
			isa = PBXSourcesBuildPhase;
			buildActionMask = 2147483647;
			files = (
				3091D01B1F79571700762474 /* ViewController.swift in Sources */,
				3091D0191F79571700762474 /* AppDelegate.swift in Sources */,
			);
			runOnlyForDeploymentPostprocessing = 0;
		};
/* End PBXSourcesBuildPhase section */

/* Begin PBXVariantGroup section */
		3091D01C1F79571700762474 /* Main.storyboard */ = {
			isa = PBXVariantGroup;
			children = (
				3091D01D1F79571700762474 /* Base */,
			);
			name = Main.storyboard;
			sourceTree = "<group>";
		};
		3091D0211F79571700762474 /* LaunchScreen.storyboard */ = {
			isa = PBXVariantGroup;
			children = (
				3091D0221F79571700762474 /* Base */,
			);
			name = LaunchScreen.storyboard;
			sourceTree = "<group>";
		};
/* End PBXVariantGroup section */

/* Begin XCBuildConfiguration section */
		3091D0251F79571700762474 /* Debug */ = {
			isa = XCBuildConfiguration;
			buildSettings = {
				ALWAYS_SEARCH_USER_PATHS = NO;
				CLANG_ANALYZER_NONNULL = YES;
				CLANG_CXX_LANGUAGE_STANDARD = "gnu++0x";
				CLANG_CXX_LIBRARY = "libc++";
				CLANG_ENABLE_MODULES = YES;
				CLANG_ENABLE_OBJC_ARC = YES;
				CLANG_WARN_BOOL_CONVERSION = YES;
				CLANG_WARN_CONSTANT_CONVERSION = YES;
				CLANG_WARN_DIRECT_OBJC_ISA_USAGE = YES_ERROR;
				CLANG_WARN_DOCUMENTATION_COMMENTS = YES;
				CLANG_WARN_EMPTY_BODY = YES;
				CLANG_WARN_ENUM_CONVERSION = YES;
				CLANG_WARN_INFINITE_RECURSION = YES;
				CLANG_WARN_INT_CONVERSION = YES;
				CLANG_WARN_OBJC_ROOT_CLASS = YES_ERROR;
				CLANG_WARN_SUSPICIOUS_MOVE = YES;
				CLANG_WARN_UNREACHABLE_CODE = YES;
				CLANG_WARN__DUPLICATE_METHOD_MATCH = YES;
				"CODE_SIGN_IDENTITY[sdk=iphoneos*]" = "iPhone Developer";
				COPY_PHASE_STRIP = NO;
				DEBUG_INFORMATION_FORMAT = dwarf;
				ENABLE_STRICT_OBJC_MSGSEND = YES;
				ENABLE_TESTABILITY = YES;
				GCC_C_LANGUAGE_STANDARD = gnu99;
				GCC_DYNAMIC_NO_PIC = NO;
				GCC_NO_COMMON_BLOCKS = YES;
				GCC_OPTIMIZATION_LEVEL = 0;
				GCC_PREPROCESSOR_DEFINITIONS = (
					"DEBUG=1",
					"$(inherited)",
				);
				GCC_WARN_64_TO_32_BIT_CONVERSION = YES;
				GCC_WARN_ABOUT_RETURN_TYPE = YES_ERROR;
				GCC_WARN_UNDECLARED_SELECTOR = YES;
				GCC_WARN_UNINITIALIZED_AUTOS = YES_AGGRESSIVE;
				GCC_WARN_UNUSED_FUNCTION = YES;
				GCC_WARN_UNUSED_VARIABLE = YES;
				IPHONEOS_DEPLOYMENT_TARGET = 10.2;
				MTL_ENABLE_DEBUG_INFO = YES;
				ONLY_ACTIVE_ARCH = YES;
				SDKROOT = iphoneos;
				SWIFT_ACTIVE_COMPILATION_CONDITIONS = DEBUG;
				SWIFT_OPTIMIZATION_LEVEL = "-Onone";
			};
			name = Debug;
		};
		3091D0261F79571700762474 /* Release */ = {
			isa = XCBuildConfiguration;
			buildSettings = {
				ALWAYS_SEARCH_USER_PATHS = NO;
				CLANG_ANALYZER_NONNULL = YES;
				CLANG_CXX_LANGUAGE_STANDARD = "gnu++0x";
				CLANG_CXX_LIBRARY = "libc++";
				CLANG_ENABLE_MODULES = YES;
				CLANG_ENABLE_OBJC_ARC = YES;
				CLANG_WARN_BOOL_CONVERSION = YES;
				CLANG_WARN_CONSTANT_CONVERSION = YES;
				CLANG_WARN_DIRECT_OBJC_ISA_USAGE = YES_ERROR;
				CLANG_WARN_DOCUMENTATION_COMMENTS = YES;
				CLANG_WARN_EMPTY_BODY = YES;
				CLANG_WARN_ENUM_CONVERSION = YES;
				CLANG_WARN_INFINITE_RECURSION = YES;
				CLANG_WARN_INT_CONVERSION = YES;
				CLANG_WARN_OBJC_ROOT_CLASS = YES_ERROR;
				CLANG_WARN_SUSPICIOUS_MOVE = YES;
				CLANG_WARN_UNREACHABLE_CODE = YES;
				CLANG_WARN__DUPLICATE_METHOD_MATCH = YES;
				"CODE_SIGN_IDENTITY[sdk=iphoneos*]" = "iPhone Developer";
				COPY_PHASE_STRIP = NO;
				DEBUG_INFORMATION_FORMAT = "dwarf-with-dsym";
				ENABLE_NS_ASSERTIONS = NO;
				ENABLE_STRICT_OBJC_MSGSEND = YES;
				GCC_C_LANGUAGE_STANDARD = gnu99;
				GCC_NO_COMMON_BLOCKS = YES;
				GCC_WARN_64_TO_32_BIT_CONVERSION = YES;
				GCC_WARN_ABOUT_RETURN_TYPE = YES_ERROR;
				GCC_WARN_UNDECLARED_SELECTOR = YES;
				GCC_WARN_UNINITIALIZED_AUTOS = YES_AGGRESSIVE;
				GCC_WARN_UNUSED_FUNCTION = YES;
				GCC_WARN_UNUSED_VARIABLE = YES;
				IPHONEOS_DEPLOYMENT_TARGET = 10.2;
				MTL_ENABLE_DEBUG_INFO = NO;
				SDKROOT = iphoneos;
				SWIFT_OPTIMIZATION_LEVEL = "-Owholemodule";
				VALIDATE_PRODUCT = YES;
			};
			name = Release;
		};
		3091D0281F79571700762474 /* Debug */ = {
			isa = XCBuildConfiguration;
			buildSettings = {
				ASSETCATALOG_COMPILER_APPICON_NAME = AppIcon;
				INFOPLIST_FILE = SwiftCounter/Info.plist;
				LD_RUNPATH_SEARCH_PATHS = "$(inherited) @executable_path/Frameworks";
				PRODUCT_BUNDLE_IDENTIFIER = "net.70-10.SwiftCounter";
				PRODUCT_NAME = "$(TARGET_NAME)";
				SWIFT_VERSION = 3.0;
			};
			name = Debug;
		};
		3091D0291F79571700762474 /* Release */ = {
			isa = XCBuildConfiguration;
			buildSettings = {
				ASSETCATALOG_COMPILER_APPICON_NAME = AppIcon;
				INFOPLIST_FILE = SwiftCounter/Info.plist;
				LD_RUNPATH_SEARCH_PATHS = "$(inherited) @executable_path/Frameworks";
				PRODUCT_BUNDLE_IDENTIFIER = "net.70-10.SwiftCounter";
				PRODUCT_NAME = "$(TARGET_NAME)";
				SWIFT_VERSION = 3.0;
			};
			name = Release;
		};
/* End XCBuildConfiguration section */

/* Begin XCConfigurationList section */
		3091D0101F79571600762474 /* Build configuration list for PBXProject "SwiftCounter" */ = {
			isa = XCConfigurationList;
			buildConfigurations = (
				3091D0251F79571700762474 /* Debug */,
				3091D0261F79571700762474 /* Release */,
			);
			defaultConfigurationIsVisible = 0;
			defaultConfigurationName = Release;
		};
		3091D0271F79571700762474 /* Build configuration list for PBXNativeTarget "SwiftCounter" */ = {
			isa = XCConfigurationList;
			buildConfigurations = (
				3091D0281F79571700762474 /* Debug */,
				3091D0291F79571700762474 /* Release */,
			);
			defaultConfigurationIsVisible = 0;
		};
/* End XCConfigurationList section */
	};
	rootObject = 3091D00D1F79571600762474 /* Project object */;
}
