{
  "version": "4",
  "specifiers": {
    "jsr:@std/cli@^1.0.10": "1.0.10",
    "jsr:@std/fmt@^1.0.3": "1.0.3",
    "jsr:@std/fs@^1.0.8": "1.0.8",
    "jsr:@std/path@^1.0.8": "1.0.8"
  },
  "jsr": {
    "@std/cli@1.0.10": {
      "integrity": "d047f6f4954a5c2827fe0963765ddd3d8b6cc7b7518682842645b95f571539dc"
    },
    "@std/fmt@1.0.3": {
      "integrity": "97765c16aa32245ff4e2204ecf7d8562496a3cb8592340a80e7e554e0bb9149f"
    },
    "@std/fs@1.0.8": {
      "integrity": "161c721b6f9400b8100a851b6f4061431c538b204bb76c501d02c508995cffe0",
      "dependencies": [
        "jsr:@std/path"
      ]
    },
    "@std/path@1.0.8": {
      "integrity": "548fa456bb6a04d3c1a1e7477986b6cffbce95102d0bb447c67c4ee70e0364be"
    }
  },
  "workspace": {
    "dependencies": [
      "jsr:@std/cli@^1.0.10",
      "jsr:@std/fmt@^1.0.3",
      "jsr:@std/fs@^1.0.8"
    ]
  }
}
